
Microsoft Visual Studio Solution File, Format Version 12.00
# Visual Studio Version 17
VisualStudioVersion = 17.7.34202.233
MinimumVisualStudioVersion = 10.0.40219.1
Project("{8BC9CEB8-8B4A-11D0-8D11-00A0C91BC942}") = "ConsoleApplication10", "ConsoleApplication10\ConsoleApplication10.vcxproj", "{18C2FA8F-A861-414F-B03B-BE1C11EAC750}"
EndProject
Global
	GlobalSection(SolutionConfigurationPlatforms) = preSolution
		Debug|x64 = Debug|x64
		Debug|x86 = Debug|x86
		Release|x64 = Release|x64
		Release|x86 = Release|x86
	EndGlobalSection
	GlobalSection(ProjectConfigurationPlatforms) = postSolution
		{18C2FA8F-A861-414F-B03B-BE1C11EAC750}.Debug|x64.ActiveCfg = Debug|x64
		{18C2FA8F-A861-414F-B03B-BE1C11EAC750}.Debug|x64.Build.0 = Debug|x64
		{18C2FA8F-A861-414F-B03B-BE1C11EAC750}.Debug|x86.ActiveCfg = Debug|Win32
		{18C2FA8F-A861-414F-B03B-BE1C11EAC750}.Debug|x86.Build.0 = Debug|Win32
		{18C2FA8F-A861-414F-B03B-BE1C11EAC750}.Release|x64.ActiveCfg = Release|x64
		{18C2FA8F-A861-414F-B03B-BE1C11EAC750}.Release|x64.Build.0 = Release|x64
		{18C2FA8F-A861-414F-B03B-BE1C11EAC750}.Release|x86.ActiveCfg = Release|Win32
		{18C2FA8F-A861-414F-B03B-BE1C11EAC750}.Release|x86.Build.0 = Release|Win32
	EndGlobalSection
	GlobalSection(SolutionProperties) = preSolution
		HideSolutionNode = FALSE
	EndGlobalSection
	GlobalSection(ExtensibilityGlobals) = postSolution
		SolutionGuid = {EDDBCB08-43BC-4B85-A872-FC4495EC4610}
	EndGlobalSection
EndGlobal
